# This file is automatically @generated by Cargo.
# It is not intended for manual editing.
version = 3

[[package]]
name = "anyhow"
version = "1.0.57"
source = "registry+https://github.com/rust-lang/crates.io-index"
checksum = "08f9b8508dccb7687a1d6c4ce66b2b0ecef467c94667de27d8d7fe1f8d2a9cdc"

[[package]]
name = "hindley-milner"
version = "0.1.0"
dependencies = [
 "anyhow",
 "structural-typesystem",
 "symbolic_expressions",
]

[[package]]
name = "interpreter"
version = "0.1.0"
dependencies = [
 "anyhow",
 "hindley-milner",
 "structural-typesystem",
 "symbolic_expressions",
]

[[package]]
name = "structural-typesystem"
version = "0.1.0"
dependencies = [
 "anyhow",
]

[[package]]
name = "symbolic_expressions"
version = "5.0.3"
source = "registry+https://github.com/rust-lang/crates.io-index"
checksum = "7c68d531d83ec6c531150584c42a4290911964d5f0d79132b193b67252a23b71"
